
Microsoft Visual Studio Solution File, Format Version 12.00
# Visual Studio 15
VisualStudioVersion = 15.0.26730.3
MinimumVisualStudioVersion = 10.0.40219.1
Project("{FAE04EC0-301F-11D3-BF4B-00C04F79EFBC}") = "CalculaONE", "CalculaONE\CalculaONE.csproj", "{4D1F58BB-0EB1-47FB-A60D-5DCD35B9FEE1}"
EndProject
Global
	GlobalSection(SolutionConfigurationPlatforms) = preSolution
		Debug|Any CPU = Debug|Any CPU
		Release|Any CPU = Release|Any CPU
	EndGlobalSection
	GlobalSection(ProjectConfigurationPlatforms) = postSolution
		{4D1F58BB-0EB1-47FB-A60D-5DCD35B9FEE1}.Debug|Any CPU.ActiveCfg = Debug|Any CPU
		{4D1F58BB-0EB1-47FB-A60D-5DCD35B9FEE1}.Debug|Any CPU.Build.0 = Debug|Any CPU
		{4D1F58BB-0EB1-47FB-A60D-5DCD35B9FEE1}.Release|Any CPU.ActiveCfg = Release|Any CPU
		{4D1F58BB-0EB1-47FB-A60D-5DCD35B9FEE1}.Release|Any CPU.Build.0 = Release|Any CPU
	EndGlobalSection
	GlobalSection(SolutionProperties) = preSolution
		HideSolutionNode = FALSE
	EndGlobalSection
	GlobalSection(ExtensibilityGlobals) = postSolution
		SolutionGuid = {9F5D602C-DDF9-4EC0-91FC-40899642B11A}
	EndGlobalSection
EndGlobal
